
Microsoft Visual Studio Solution File, Format Version 12.00
# Visual Studio Version 16
VisualStudioVersion = 16.0.28803.352
MinimumVisualStudioVersion = 10.0.40219.1
Project("{FAE04EC0-301F-11D3-BF4B-00C04F79EFBC}") = "Skynet.Objects", "Libs\Skynet.Objects\Skynet.Objects.csproj", "{6E35FA09-7A48-4DF7-970B-623BA9C3F055}"
EndProject
Project("{FAE04EC0-301F-11D3-BF4B-00C04F79EFBC}") = "Skynet.Interopt", "Libs\Skynet.Interopt\Skynet.Interopt.csproj", "{BDAE1E5F-890C-46C8-B97C-802627C1822A}"
EndProject
Project("{9A19103F-16F7-4668-BE54-9A1E7A4F7556}") = "Program", "Program\Program.csproj", "{593B1344-7B07-4BED-9DA8-2DAD0CF6C3BE}"
EndProject
Project("{FAE04EC0-301F-11D3-BF4B-00C04F79EFBC}") = "Skynet.DAO", "Skynet.DAO\Skynet.DAO.csproj", "{2C623D7E-D8A7-439A-954B-BD91A672CA02}"
EndProject
Global
	GlobalSection(SolutionConfigurationPlatforms) = preSolution
		Debug|Any CPU = Debug|Any CPU
		Debug|x64 = Debug|x64
		Debug|x86 = Debug|x86
		Release|Any CPU = Release|Any CPU
		Release|x64 = Release|x64
		Release|x86 = Release|x86
	EndGlobalSection
	GlobalSection(ProjectConfigurationPlatforms) = postSolution
		{6E35FA09-7A48-4DF7-970B-623BA9C3F055}.Debug|Any CPU.ActiveCfg = Debug|Any CPU
		{6E35FA09-7A48-4DF7-970B-623BA9C3F055}.Debug|Any CPU.Build.0 = Debug|Any CPU
		{6E35FA09-7A48-4DF7-970B-623BA9C3F055}.Debug|x64.ActiveCfg = Debug|Any CPU
		{6E35FA09-7A48-4DF7-970B-623BA9C3F055}.Debug|x64.Build.0 = Debug|Any CPU
		{6E35FA09-7A48-4DF7-970B-623BA9C3F055}.Debug|x86.ActiveCfg = Debug|Any CPU
		{6E35FA09-7A48-4DF7-970B-623BA9C3F055}.Debug|x86.Build.0 = Debug|Any CPU
		{6E35FA09-7A48-4DF7-970B-623BA9C3F055}.Release|Any CPU.ActiveCfg = Release|Any CPU
		{6E35FA09-7A48-4DF7-970B-623BA9C3F055}.Release|Any CPU.Build.0 = Release|Any CPU
		{6E35FA09-7A48-4DF7-970B-623BA9C3F055}.Release|x64.ActiveCfg = Release|x64
		{6E35FA09-7A48-4DF7-970B-623BA9C3F055}.Release|x64.Build.0 = Release|x64
		{6E35FA09-7A48-4DF7-970B-623BA9C3F055}.Release|x86.ActiveCfg = Release|x86
		{6E35FA09-7A48-4DF7-970B-623BA9C3F055}.Release|x86.Build.0 = Release|x86
		{BDAE1E5F-890C-46C8-B97C-802627C1822A}.Debug|Any CPU.ActiveCfg = Debug|Any CPU
		{BDAE1E5F-890C-46C8-B97C-802627C1822A}.Debug|Any CPU.Build.0 = Debug|Any CPU
		{BDAE1E5F-890C-46C8-B97C-802627C1822A}.Debug|x64.ActiveCfg = Debug|Any CPU
		{BDAE1E5F-890C-46C8-B97C-802627C1822A}.Debug|x64.Build.0 = Debug|Any CPU
		{BDAE1E5F-890C-46C8-B97C-802627C1822A}.Debug|x86.ActiveCfg = Debug|Any CPU
		{BDAE1E5F-890C-46C8-B97C-802627C1822A}.Debug|x86.Build.0 = Debug|Any CPU
		{BDAE1E5F-890C-46C8-B97C-802627C1822A}.Release|Any CPU.ActiveCfg = Release|Any CPU
		{BDAE1E5F-890C-46C8-B97C-802627C1822A}.Release|Any CPU.Build.0 = Release|Any CPU
		{BDAE1E5F-890C-46C8-B97C-802627C1822A}.Release|x64.ActiveCfg = Release|Any CPU
		{BDAE1E5F-890C-46C8-B97C-802627C1822A}.Release|x64.Build.0 = Release|Any CPU
		{BDAE1E5F-890C-46C8-B97C-802627C1822A}.Release|x86.ActiveCfg = Release|x86
		{BDAE1E5F-890C-46C8-B97C-802627C1822A}.Release|x86.Build.0 = Release|x86
		{593B1344-7B07-4BED-9DA8-2DAD0CF6C3BE}.Debug|Any CPU.ActiveCfg = Debug|Any CPU
		{593B1344-7B07-4BED-9DA8-2DAD0CF6C3BE}.Debug|Any CPU.Build.0 = Debug|Any CPU
		{593B1344-7B07-4BED-9DA8-2DAD0CF6C3BE}.Debug|x64.ActiveCfg = Debug|Any CPU
		{593B1344-7B07-4BED-9DA8-2DAD0CF6C3BE}.Debug|x64.Build.0 = Debug|Any CPU
		{593B1344-7B07-4BED-9DA8-2DAD0CF6C3BE}.Debug|x86.ActiveCfg = Debug|Any CPU
		{593B1344-7B07-4BED-9DA8-2DAD0CF6C3BE}.Debug|x86.Build.0 = Debug|Any CPU
		{593B1344-7B07-4BED-9DA8-2DAD0CF6C3BE}.Release|Any CPU.ActiveCfg = Release|Any CPU
		{593B1344-7B07-4BED-9DA8-2DAD0CF6C3BE}.Release|Any CPU.Build.0 = Release|Any CPU
		{593B1344-7B07-4BED-9DA8-2DAD0CF6C3BE}.Release|x64.ActiveCfg = Release|Any CPU
		{593B1344-7B07-4BED-9DA8-2DAD0CF6C3BE}.Release|x64.Build.0 = Release|Any CPU
		{593B1344-7B07-4BED-9DA8-2DAD0CF6C3BE}.Release|x86.ActiveCfg = Release|Any CPU
		{593B1344-7B07-4BED-9DA8-2DAD0CF6C3BE}.Release|x86.Build.0 = Release|Any CPU
		{2C623D7E-D8A7-439A-954B-BD91A672CA02}.Debug|Any CPU.ActiveCfg = Debug|Any CPU
		{2C623D7E-D8A7-439A-954B-BD91A672CA02}.Debug|Any CPU.Build.0 = Debug|Any CPU
		{2C623D7E-D8A7-439A-954B-BD91A672CA02}.Debug|x64.ActiveCfg = Debug|Any CPU
		{2C623D7E-D8A7-439A-954B-BD91A672CA02}.Debug|x64.Build.0 = Debug|Any CPU
		{2C623D7E-D8A7-439A-954B-BD91A672CA02}.Debug|x86.ActiveCfg = Debug|Any CPU
		{2C623D7E-D8A7-439A-954B-BD91A672CA02}.Debug|x86.Build.0 = Debug|Any CPU
		{2C623D7E-D8A7-439A-954B-BD91A672CA02}.Release|Any CPU.ActiveCfg = Release|Any CPU
		{2C623D7E-D8A7-439A-954B-BD91A672CA02}.Release|Any CPU.Build.0 = Release|Any CPU
		{2C623D7E-D8A7-439A-954B-BD91A672CA02}.Release|x64.ActiveCfg = Release|Any CPU
		{2C623D7E-D8A7-439A-954B-BD91A672CA02}.Release|x64.Build.0 = Release|Any CPU
		{2C623D7E-D8A7-439A-954B-BD91A672CA02}.Release|x86.ActiveCfg = Release|Any CPU
		{2C623D7E-D8A7-439A-954B-BD91A672CA02}.Release|x86.Build.0 = Release|Any CPU
	EndGlobalSection
	GlobalSection(SolutionProperties) = preSolution
		HideSolutionNode = FALSE
	EndGlobalSection
	GlobalSection(ExtensibilityGlobals) = postSolution
		SolutionGuid = {86C76549-C222-4757-880F-DC0C8CCD187D}
	EndGlobalSection
EndGlobal
